
Microsoft Visual Studio Solution File, Format Version 12.00
# Visual Studio Version 16
VisualStudioVersion = 16.0.33130.400
MinimumVisualStudioVersion = 10.0.40219.1
Project("{FAE04EC0-301F-11D3-BF4B-00C04F79EFBC}") = "SuhihKA_01_01", "SuhihKA_01_01.csproj", "{89627149-FCE8-4876-A50C-F9DC1460B1DF}"
EndProject
Project("{FAE04EC0-301F-11D3-BF4B-00C04F79EFBC}") = "TestProject2", "..\TestProject2\TestProject2.csproj", "{18508C1D-C724-4EAA-8BEE-232F636AB5B1}"
EndProject
Global
	GlobalSection(SolutionConfigurationPlatforms) = preSolution
		Debug|Any CPU = Debug|Any CPU
		Release|Any CPU = Release|Any CPU
	EndGlobalSection
	GlobalSection(ProjectConfigurationPlatforms) = postSolution
		{89627149-FCE8-4876-A50C-F9DC1460B1DF}.Debug|Any CPU.ActiveCfg = Debug|Any CPU
		{89627149-FCE8-4876-A50C-F9DC1460B1DF}.Debug|Any CPU.Build.0 = Debug|Any CPU
		{89627149-FCE8-4876-A50C-F9DC1460B1DF}.Release|Any CPU.ActiveCfg = Release|Any CPU
		{89627149-FCE8-4876-A50C-F9DC1460B1DF}.Release|Any CPU.Build.0 = Release|Any CPU
		{18508C1D-C724-4EAA-8BEE-232F636AB5B1}.Debug|Any CPU.ActiveCfg = Debug|Any CPU
		{18508C1D-C724-4EAA-8BEE-232F636AB5B1}.Debug|Any CPU.Build.0 = Debug|Any CPU
		{18508C1D-C724-4EAA-8BEE-232F636AB5B1}.Release|Any CPU.ActiveCfg = Release|Any CPU
		{18508C1D-C724-4EAA-8BEE-232F636AB5B1}.Release|Any CPU.Build.0 = Release|Any CPU
	EndGlobalSection
	GlobalSection(SolutionProperties) = preSolution
		HideSolutionNode = FALSE
	EndGlobalSection
	GlobalSection(ExtensibilityGlobals) = postSolution
		SolutionGuid = {C05BA664-36B5-4A07-B855-11248E7476C5}
	EndGlobalSection
EndGlobal
